{
  "nodes": {
    "nixpkgs": {
      "locked": {
        "lastModified": 1699291058,
        "narHash": "sha256-5ggduoaAMPHUy4riL+OrlAZE14Kh7JWX4oLEs22ZqfU=",
        "owner": "nixos",
        "repo": "nixpkgs",
        "rev": "41de143fda10e33be0f47eab2bfe08a50f234267",
        "type": "github"
      },
      "original": {
        "owner": "nixos",
        "ref": "nixos-23.05",
        "repo": "nixpkgs",
        "type": "github"
      }
    },
    "nixpkgs-unstable": {
      "locked": {
        "lastModified": 1699099776,
        "narHash": "sha256-X09iKJ27mGsGambGfkKzqvw5esP1L/Rf8H3u3fCqIiU=",
        "owner": "nixos",
        "repo": "nixpkgs",
        "rev": "85f1ba3e51676fa8cc604a3d863d729026a6b8eb",
        "type": "github"
      },
      "original": {
        "owner": "nixos",
        "ref": "nixos-unstable",
        "repo": "nixpkgs",
        "type": "github"
      }
    },
    "root": {
      "inputs": {
        "nixpkgs": "nixpkgs",
        "nixpkgs-unstable": "nixpkgs-unstable"
      }
    }
  },
  "root": "root",
  "version": 7
}
